{
  "name": "4ever-site",
  "lockfileVersion": 3,
  "requires": true,
  "packages": {
    "": {
      "name": "4ever-site",
      "dependencies": {
        "node-cron": "^4.3.0"
      },
      "engines": {
        "node": "18.x"
      }
    },
    "node_modules/node-cron": {
      "version": "4.3.0",
      "resolved": "https://registry.npmjs.org/node-cron/-/node-cron-4.3.0.tgz",
      "integrity": "sha512-NeTIPjUfndOkKQnWCBJIfx44BZX7GiXe7KJq7Y2bwc96v/4+CMwuzwOLkAk+4nu6eSNcatoLFCDXcn4QNph/Rw==",
      "license": "ISC",
      "engines": {
        "node": ">=20"
      }
    }
  }
}
